
Microsoft Visual Studio Solution File, Format Version 12.00
# Visual Studio Version 17
VisualStudioVersion = 17.4.33213.308
MinimumVisualStudioVersion = 10.0.40219.1
Project("{FAE04EC0-301F-11D3-BF4B-00C04F79EFBC}") = "Planeterne", "Planeterne\Planeterne.csproj", "{6691B5BA-4663-4E8F-B629-FAF9F4714084}"
EndProject
Global
	GlobalSection(SolutionConfigurationPlatforms) = preSolution
		Debug|Any CPU = Debug|Any CPU
		Release|Any CPU = Release|Any CPU
	EndGlobalSection
	GlobalSection(ProjectConfigurationPlatforms) = postSolution
		{6691B5BA-4663-4E8F-B629-FAF9F4714084}.Debug|Any CPU.ActiveCfg = Debug|Any CPU
		{6691B5BA-4663-4E8F-B629-FAF9F4714084}.Debug|Any CPU.Build.0 = Debug|Any CPU
		{6691B5BA-4663-4E8F-B629-FAF9F4714084}.Release|Any CPU.ActiveCfg = Release|Any CPU
		{6691B5BA-4663-4E8F-B629-FAF9F4714084}.Release|Any CPU.Build.0 = Release|Any CPU
	EndGlobalSection
	GlobalSection(SolutionProperties) = preSolution
		HideSolutionNode = FALSE
	EndGlobalSection
	GlobalSection(ExtensibilityGlobals) = postSolution
		SolutionGuid = {CCECED80-3D05-464A-B817-66E37DDB076F}
	EndGlobalSection
EndGlobal
