
Microsoft Visual Studio Solution File, Format Version 12.00
# Visual Studio Version 17
VisualStudioVersion = 17.4.33213.308
MinimumVisualStudioVersion = 10.0.40219.1
Project("{FAE04EC0-301F-11D3-BF4B-00C04F79EFBC}") = "StarsAndStripes", "StarsAndStripes\StarsAndStripes.csproj", "{2EFC1563-95E8-4215-8C8F-0E8CC499D2A9}"
EndProject
Global
	GlobalSection(SolutionConfigurationPlatforms) = preSolution
		Debug|Any CPU = Debug|Any CPU
		Release|Any CPU = Release|Any CPU
	EndGlobalSection
	GlobalSection(ProjectConfigurationPlatforms) = postSolution
		{2EFC1563-95E8-4215-8C8F-0E8CC499D2A9}.Debug|Any CPU.ActiveCfg = Debug|Any CPU
		{2EFC1563-95E8-4215-8C8F-0E8CC499D2A9}.Debug|Any CPU.Build.0 = Debug|Any CPU
		{2EFC1563-95E8-4215-8C8F-0E8CC499D2A9}.Release|Any CPU.ActiveCfg = Release|Any CPU
		{2EFC1563-95E8-4215-8C8F-0E8CC499D2A9}.Release|Any CPU.Build.0 = Release|Any CPU
	EndGlobalSection
	GlobalSection(SolutionProperties) = preSolution
		HideSolutionNode = FALSE
	EndGlobalSection
	GlobalSection(ExtensibilityGlobals) = postSolution
		SolutionGuid = {78E23FAC-550B-47CA-A687-B5C545A46BBA}
	EndGlobalSection
EndGlobal
