
Microsoft Visual Studio Solution File, Format Version 12.00
# Visual Studio Version 17
VisualStudioVersion = 17.4.33213.308
MinimumVisualStudioVersion = 10.0.40219.1
Project("{FAE04EC0-301F-11D3-BF4B-00C04F79EFBC}") = "Superheltene", "Superheltene\Superheltene.csproj", "{831D4DD6-E0D4-4B5D-8BBD-9B17F0EDD7B0}"
EndProject
Global
	GlobalSection(SolutionConfigurationPlatforms) = preSolution
		Debug|Any CPU = Debug|Any CPU
		Release|Any CPU = Release|Any CPU
	EndGlobalSection
	GlobalSection(ProjectConfigurationPlatforms) = postSolution
		{831D4DD6-E0D4-4B5D-8BBD-9B17F0EDD7B0}.Debug|Any CPU.ActiveCfg = Debug|Any CPU
		{831D4DD6-E0D4-4B5D-8BBD-9B17F0EDD7B0}.Debug|Any CPU.Build.0 = Debug|Any CPU
		{831D4DD6-E0D4-4B5D-8BBD-9B17F0EDD7B0}.Release|Any CPU.ActiveCfg = Release|Any CPU
		{831D4DD6-E0D4-4B5D-8BBD-9B17F0EDD7B0}.Release|Any CPU.Build.0 = Release|Any CPU
	EndGlobalSection
	GlobalSection(SolutionProperties) = preSolution
		HideSolutionNode = FALSE
	EndGlobalSection
	GlobalSection(ExtensibilityGlobals) = postSolution
		SolutionGuid = {8C0EB793-704A-415F-9E88-FE66AEC98FBD}
	EndGlobalSection
EndGlobal
