
Microsoft Visual Studio Solution File, Format Version 12.00
# Visual Studio Version 17
VisualStudioVersion = 17.4.33213.308
MinimumVisualStudioVersion = 10.0.40219.1
Project("{FAE04EC0-301F-11D3-BF4B-00C04F79EFBC}") = "Performance", "Performance\Performance.csproj", "{ADD57C6D-A7BA-46FF-91E4-5140077AA409}"
EndProject
Global
	GlobalSection(SolutionConfigurationPlatforms) = preSolution
		Debug|Any CPU = Debug|Any CPU
		Release|Any CPU = Release|Any CPU
	EndGlobalSection
	GlobalSection(ProjectConfigurationPlatforms) = postSolution
		{ADD57C6D-A7BA-46FF-91E4-5140077AA409}.Debug|Any CPU.ActiveCfg = Debug|Any CPU
		{ADD57C6D-A7BA-46FF-91E4-5140077AA409}.Debug|Any CPU.Build.0 = Debug|Any CPU
		{ADD57C6D-A7BA-46FF-91E4-5140077AA409}.Release|Any CPU.ActiveCfg = Release|Any CPU
		{ADD57C6D-A7BA-46FF-91E4-5140077AA409}.Release|Any CPU.Build.0 = Release|Any CPU
	EndGlobalSection
	GlobalSection(SolutionProperties) = preSolution
		HideSolutionNode = FALSE
	EndGlobalSection
	GlobalSection(ExtensibilityGlobals) = postSolution
		SolutionGuid = {43831651-495F-428B-AAB5-2F4ED5690A52}
	EndGlobalSection
EndGlobal
