
Microsoft Visual Studio Solution File, Format Version 12.00
# Visual Studio Version 17
VisualStudioVersion = 17.4.33213.308
MinimumVisualStudioVersion = 10.0.40219.1
Project("{FAE04EC0-301F-11D3-BF4B-00C04F79EFBC}") = "Biblioteket", "Biblioteket\Biblioteket.csproj", "{E85D07C6-30F3-4F7E-98E2-E5113CC8A9EF}"
EndProject
Global
	GlobalSection(SolutionConfigurationPlatforms) = preSolution
		Debug|Any CPU = Debug|Any CPU
		Release|Any CPU = Release|Any CPU
	EndGlobalSection
	GlobalSection(ProjectConfigurationPlatforms) = postSolution
		{E85D07C6-30F3-4F7E-98E2-E5113CC8A9EF}.Debug|Any CPU.ActiveCfg = Debug|Any CPU
		{E85D07C6-30F3-4F7E-98E2-E5113CC8A9EF}.Debug|Any CPU.Build.0 = Debug|Any CPU
		{E85D07C6-30F3-4F7E-98E2-E5113CC8A9EF}.Release|Any CPU.ActiveCfg = Release|Any CPU
		{E85D07C6-30F3-4F7E-98E2-E5113CC8A9EF}.Release|Any CPU.Build.0 = Release|Any CPU
	EndGlobalSection
	GlobalSection(SolutionProperties) = preSolution
		HideSolutionNode = FALSE
	EndGlobalSection
	GlobalSection(ExtensibilityGlobals) = postSolution
		SolutionGuid = {3220AF8D-1706-4357-9D5E-207A88D719EE}
	EndGlobalSection
EndGlobal
