
Microsoft Visual Studio Solution File, Format Version 12.00
# Visual Studio Version 17
VisualStudioVersion = 17.4.33213.308
MinimumVisualStudioVersion = 10.0.40219.1
Project("{FAE04EC0-301F-11D3-BF4B-00C04F79EFBC}") = "VinosBlanco", "VinosBlanco\VinosBlanco.csproj", "{9ADB5F3C-99E0-40BA-92F2-FB8B56806E38}"
EndProject
Global
	GlobalSection(SolutionConfigurationPlatforms) = preSolution
		Debug|Any CPU = Debug|Any CPU
		Release|Any CPU = Release|Any CPU
	EndGlobalSection
	GlobalSection(ProjectConfigurationPlatforms) = postSolution
		{9ADB5F3C-99E0-40BA-92F2-FB8B56806E38}.Debug|Any CPU.ActiveCfg = Debug|Any CPU
		{9ADB5F3C-99E0-40BA-92F2-FB8B56806E38}.Debug|Any CPU.Build.0 = Debug|Any CPU
		{9ADB5F3C-99E0-40BA-92F2-FB8B56806E38}.Release|Any CPU.ActiveCfg = Release|Any CPU
		{9ADB5F3C-99E0-40BA-92F2-FB8B56806E38}.Release|Any CPU.Build.0 = Release|Any CPU
	EndGlobalSection
	GlobalSection(SolutionProperties) = preSolution
		HideSolutionNode = FALSE
	EndGlobalSection
	GlobalSection(ExtensibilityGlobals) = postSolution
		SolutionGuid = {90ED664F-5DE5-48BA-B9D7-08AC210EF1A9}
	EndGlobalSection
EndGlobal
